
Microsoft Visual Studio Solution File, Format Version 12.00
# Visual Studio Version 17
VisualStudioVersion = 17.7.34031.279
MinimumVisualStudioVersion = 10.0.40219.1
Project("{FAE04EC0-301F-11D3-BF4B-00C04F79EFBC}") = "Bai1", "Bai1\Bai1.csproj", "{B02321BE-4FFF-4E0D-8BF4-AC775D847799}"
EndProject
Project("{FAE04EC0-301F-11D3-BF4B-00C04F79EFBC}") = "Bai2", "Bai2\Bai2.csproj", "{09310B71-970F-46C1-A8A5-89C1BF3E9E2E}"
EndProject
Project("{FAE04EC0-301F-11D3-BF4B-00C04F79EFBC}") = "Bai3", "Bai3\Bai3.csproj", "{F8489DDD-1C54-447B-9609-D9A84F58F882}"
EndProject
Project("{FAE04EC0-301F-11D3-BF4B-00C04F79EFBC}") = "Bai4", "Bai4\Bai4.csproj", "{640A7FBC-C46D-40E9-B273-E62EB92EACF6}"
EndProject
Project("{FAE04EC0-301F-11D3-BF4B-00C04F79EFBC}") = "Bai5", "Bai5\Bai5.csproj", "{42E51E78-0844-4B57-B7A6-80AA3D8D9E3D}"
EndProject
Project("{FAE04EC0-301F-11D3-BF4B-00C04F79EFBC}") = "Bai6", "Bai6\Bai6.csproj", "{E07878EB-8CE6-46C4-B773-595A1408D282}"
EndProject
Global
	GlobalSection(SolutionConfigurationPlatforms) = preSolution
		Debug|Any CPU = Debug|Any CPU
		Release|Any CPU = Release|Any CPU
	EndGlobalSection
	GlobalSection(ProjectConfigurationPlatforms) = postSolution
		{B02321BE-4FFF-4E0D-8BF4-AC775D847799}.Debug|Any CPU.ActiveCfg = Debug|Any CPU
		{B02321BE-4FFF-4E0D-8BF4-AC775D847799}.Debug|Any CPU.Build.0 = Debug|Any CPU
		{B02321BE-4FFF-4E0D-8BF4-AC775D847799}.Release|Any CPU.ActiveCfg = Release|Any CPU
		{B02321BE-4FFF-4E0D-8BF4-AC775D847799}.Release|Any CPU.Build.0 = Release|Any CPU
		{09310B71-970F-46C1-A8A5-89C1BF3E9E2E}.Debug|Any CPU.ActiveCfg = Debug|Any CPU
		{09310B71-970F-46C1-A8A5-89C1BF3E9E2E}.Debug|Any CPU.Build.0 = Debug|Any CPU
		{09310B71-970F-46C1-A8A5-89C1BF3E9E2E}.Release|Any CPU.ActiveCfg = Release|Any CPU
		{09310B71-970F-46C1-A8A5-89C1BF3E9E2E}.Release|Any CPU.Build.0 = Release|Any CPU
		{F8489DDD-1C54-447B-9609-D9A84F58F882}.Debug|Any CPU.ActiveCfg = Debug|Any CPU
		{F8489DDD-1C54-447B-9609-D9A84F58F882}.Debug|Any CPU.Build.0 = Debug|Any CPU
		{F8489DDD-1C54-447B-9609-D9A84F58F882}.Release|Any CPU.ActiveCfg = Release|Any CPU
		{F8489DDD-1C54-447B-9609-D9A84F58F882}.Release|Any CPU.Build.0 = Release|Any CPU
		{640A7FBC-C46D-40E9-B273-E62EB92EACF6}.Debug|Any CPU.ActiveCfg = Debug|Any CPU
		{640A7FBC-C46D-40E9-B273-E62EB92EACF6}.Debug|Any CPU.Build.0 = Debug|Any CPU
		{640A7FBC-C46D-40E9-B273-E62EB92EACF6}.Release|Any CPU.ActiveCfg = Release|Any CPU
		{640A7FBC-C46D-40E9-B273-E62EB92EACF6}.Release|Any CPU.Build.0 = Release|Any CPU
		{42E51E78-0844-4B57-B7A6-80AA3D8D9E3D}.Debug|Any CPU.ActiveCfg = Debug|Any CPU
		{42E51E78-0844-4B57-B7A6-80AA3D8D9E3D}.Debug|Any CPU.Build.0 = Debug|Any CPU
		{42E51E78-0844-4B57-B7A6-80AA3D8D9E3D}.Release|Any CPU.ActiveCfg = Release|Any CPU
		{42E51E78-0844-4B57-B7A6-80AA3D8D9E3D}.Release|Any CPU.Build.0 = Release|Any CPU
		{E07878EB-8CE6-46C4-B773-595A1408D282}.Debug|Any CPU.ActiveCfg = Debug|Any CPU
		{E07878EB-8CE6-46C4-B773-595A1408D282}.Debug|Any CPU.Build.0 = Debug|Any CPU
		{E07878EB-8CE6-46C4-B773-595A1408D282}.Release|Any CPU.ActiveCfg = Release|Any CPU
		{E07878EB-8CE6-46C4-B773-595A1408D282}.Release|Any CPU.Build.0 = Release|Any CPU
	EndGlobalSection
	GlobalSection(SolutionProperties) = preSolution
		HideSolutionNode = FALSE
	EndGlobalSection
	GlobalSection(ExtensibilityGlobals) = postSolution
		SolutionGuid = {F692AEC8-E660-4D7F-B5A3-F97735CAD89C}
	EndGlobalSection
EndGlobal
